Microsoft Visual Studio Solution File, Format Version 12.00
# Visual Studio Version 17
VisualStudioVersion = 17.12.35527.113
MinimumVisualStudioVersion = 10.0.40219.1
Project("{FAE04EC0-301F-11D3-BF4B-00C04F79EFBC}") = "QuickCode.AST", "QuickCode.AST\QuickCode.AST.csproj", "{F8EF9C22-0EF9-441C-9582-328A1F72B16E}"
EndProject
Project("{FAE04EC0-301F-11D3-BF4B-00C04F79EFBC}") = "QuickCode.Compiler", "QuickCode.Compiler\QuickCode.Compiler.csproj", "{C694F4DE-7284-47BD-8F19-F3560CD8E7BD}"
EndProject
Project("{FAE04EC0-301F-11D3-BF4B-00C04F79EFBC}") = "QuickCode.IntegrationTest", "QuickCode.IntegrationTest\QuickCode.IntegrationTest.csproj", "{E6B8C584-E835-4EBD-8AA2-43CA7982D48D}"
EndProject
Project("{FAE04EC0-301F-11D3-BF4B-00C04F79EFBC}") = "QuickCode.MSIL", "QuickCode.MSIL\QuickCode.MSIL.csproj", "{BE6B42AD-1102-4C88-A52B-5A0ED98E2E46}"
EndProject
Project("{FAE04EC0-301F-11D3-BF4B-00C04F79EFBC}") = "QuickCode.Parser", "QuickCode.Parser\QuickCode.Parser.csproj", "{F6B44570-3916-4DD6-97FD-CC9A61A42541}"
EndProject
Project("{FAE04EC0-301F-11D3-BF4B-00C04F79EFBC}") = "QuickCode.Parser.Test", "QuickCode.Test\QuickCode.Parser.Test.csproj", "{B5E0C014-FD66-48B6-BE1C-DF4A298D3BD6}"
EndProject
Project("{FAE04EC0-301F-11D3-BF4B-00C04F79EFBC}") = "QuickCode.TypeChecking", "QuickCode.TypeChecking\QuickCode.TypeChecking.csproj", "{1007876D-9357-4BEF-9718-8DEBF4F6C47D}"
EndProject
Project("{FAE04EC0-301F-11D3-BF4B-00C04F79EFBC}") = "QuickCode.TypeChecking.Test", "QuickCode.TypeChecking.Test\QuickCode.TypeChecking.Test.csproj", "{DC395338-A6E5-4F4A-B535-16DA77A9BB7C}"
EndProject
Project("{2150E333-8FDC-42A3-9474-1A3956D46DE8}") = "0. Parser", "0. Parser", "{CE418264-8599-4C42-B758-C8146DD8E232}"
EndProject
Project("{2150E333-8FDC-42A3-9474-1A3956D46DE8}") = "1. AST", "1. AST", "{71E076A1-16B9-4868-84CE-B7558B91C225}"
EndProject
Project("{2150E333-8FDC-42A3-9474-1A3956D46DE8}") = "2. Parser", "2. Parser", "{5EF16780-2919-4D59-ACEB-4D9D4BFEA09A}"
EndProject
Project("{2150E333-8FDC-42A3-9474-1A3956D46DE8}") = "3. Type Checking and Analysis", "3. Type Checking and Analysis", "{9E53A7F7-DB6D-49AB-9948-74B78EE8B7A5}"
EndProject
Project("{2150E333-8FDC-42A3-9474-1A3956D46DE8}") = "4. Code Generation", "4. Code Generation", "{DDDBDF15-7E1B-4BCD-9279-3F1121895002}"
EndProject
Project("{2150E333-8FDC-42A3-9474-1A3956D46DE8}") = "5. Compiler Integration", "5. Compiler Integration", "{1650A073-CA0D-4B26-9502-85B6785A8C65}"
EndProject
Project("{FAE04EC0-301F-11D3-BF4B-00C04F79EFBC}") = "Get.RegexMachine", "Parser\Get.RegexMachine\Get.RegexMachine.csproj", "{4A4AB426-D9FE-4EAC-B4D7-567EF4F43271}"
EndProject
Project("{2150E333-8FDC-42A3-9474-1A3956D46DE8}") = "2. Source Generators", "2. Source Generators", "{68ED722B-D222-41E9-8275-157B7DEB4872}"
EndProject
Project("{FAE04EC0-301F-11D3-BF4B-00C04F79EFBC}") = "Get.PLShared", "Parser\Get.PLShared\Get.PLShared.csproj", "{84E9EA9F-DC4E-4BC8-B94A-E5AE519F65E2}"
EndProject
Project("{FAE04EC0-301F-11D3-BF4B-00C04F79EFBC}") = "Get.Lexer", "Parser\Get.Lexer\Get.Lexer.csproj", "{F21CCC55-4AA7-4805-940B-3034598EF054}"
EndProject
Project("{2150E333-8FDC-42A3-9474-1A3956D46DE8}") = "1. Libraries", "1. Libraries", "{F25E07D1-22E1-442F-9BF5-A782984F92D7}"
EndProject
Project("{FAE04EC0-301F-11D3-BF4B-00C04F79EFBC}") = "Get.Parser", "Parser\Get.Parser\Get.Parser.csproj", "{4B376943-1628-4FC8-AB3F-196517FF9DA4}"
EndProject
Project("{D954291E-2A0B-460D-934E-DC6B0785DB48}") = "Get.Parser.Shared", "Parser\Get.Parser.Shared\Get.Parser.Shared.shproj", "{9B50AE4D-44B5-4FF8-B2CD-6AB8E432D09D}"
EndProject
Project("{FAE04EC0-301F-11D3-BF4B-00C04F79EFBC}") = "Get.Parser.SourceGenerator", "Parser\Get.Parser.SourceGenerator\Get.Parser.SourceGenerator.csproj", "{E0696E40-E396-4945-9BBA-55D9D23D3426}"
EndProject
Project("{FAE04EC0-301F-11D3-BF4B-00C04F79EFBC}") = "Get.Parser.Test", "Parser\Get.Parser.Test\Get.Parser.Test.csproj", "{72B75841-7740-445C-BEC0-BCE465D4B5CC}"
EndProject
Project("{D954291E-2A0B-460D-934E-DC6B0785DB48}") = "Get.Lexer.Shared", "Parser\Get.Lexer.Shared\Get.Lexer.Shared.shproj", "{620BA97D-7C9A-47F0-AE9E-7271F76F1DAD}"
EndProject
Project("{FAE04EC0-301F-11D3-BF4B-00C04F79EFBC}") = "Get.Lexer.SourceGenerator", "Parser\Get.Lexer.SourceGenerator\Get.Lexer.SourceGenerator.csproj", "{1C40E2B3-F8F9-4CE2-BC29-4160F8ECFC56}"
EndProject
Project("{FAE04EC0-301F-11D3-BF4B-00C04F79EFBC}") = "Get.Lexer.Test", "Parser\Get.Lexer.Test\Get.Lexer.Test.csproj", "{14F70AE8-EDE9-4E67-8825-52B380B23598}"
EndProject
Project("{2150E333-8FDC-42A3-9474-1A3956D46DE8}") = "4. Tests", "4. Tests", "{16CE6FCF-F43D-4A5A-AB65-E52C44E77352}"
EndProject
Project("{FAE04EC0-301F-11D3-BF4B-00C04F79EFBC}") = "Get.RegexMachine.Test", "Parser\Get.RegexMachine.Test\Get.RegexMachine.Test.csproj", "{19184E41-4B3A-4ED7-B5BA-6CCE2BD3CC2B}"
EndProject
Project("{2150E333-8FDC-42A3-9474-1A3956D46DE8}") = "0. Dependencies", "0. Dependencies", "{F90A4B0D-7BB0-4CCD-B13E-5B3C59F410C8}"
EndProject
Project("{FAE04EC0-301F-11D3-BF4B-00C04F79EFBC}") = "Get.EasyCSharp.GeneratorTools", "Parser\Get.EasyCSharp.GeneratorTools\Get.EasyCSharp.GeneratorTools.csproj", "{36617794-6313-4C81-8C27-0C10DA21155A}"
EndProject
Project("{FAE04EC0-301F-11D3-BF4B-00C04F79EFBC}") = "QuickCode.Symbols", "QuickCode.Symbols\QuickCode.Symbols.csproj", "{ACA3C235-B07A-4F0D-94C6-7E9026AD308A}"
EndProject
Project("{2150E333-8FDC-42A3-9474-1A3956D46DE8}") = "3. Language Support", "3. Language Support", "{02EA681E-C7D8-13C7-8484-4AC65E1B71E8}"
EndProject
Project("{FAE04EC0-301F-11D3-BF4B-00C04F79EFBC}") = "Get.LangSupport", "Parser\Get.LangSupport\Get.LangSupport.csproj", "{F0D25D91-3BC0-B0A7-756E-FF69A28BA30C}"
EndProject
Project("{2150E333-8FDC-42A3-9474-1A3956D46DE8}") = "6. Language Support", "6. Language Support", "{70B6DCDC-7E58-4857-BD65-CC5063797AEB}"
EndProject
Project("{FAE04EC0-301F-11D3-BF4B-00C04F79EFBC}") = "QuickCode.LangSupport", "QuickCode.LangSupport\QuickCode.LangSupport.csproj", "{908C995D-889A-40DD-83AB-6496C5C39C79}"
EndProject
Project("{FAE04EC0-301F-11D3-BF4B-00C04F79EFBC}") = "Get.LangSupport.Test", "Parser\Get.LangSupport.Test\Get.LangSupport.Test.csproj", "{855E3279-4BFD-EC32-991A-7F0DFBBAADD2}"
EndProject
Project("{2150E333-8FDC-42A3-9474-1A3956D46DE8}") = "Solution Items", "Solution Items", "{B4F9E4D0-5E80-44CA-980F-9FC63359E097}"
	ProjectSection(SolutionItems) = preProject
		.editorconfig = .editorconfig
	EndProjectSection
EndProject
Global
	GlobalSection(SolutionConfigurationPlatforms) = preSolution
		Debug|Any CPU = Debug|Any CPU
		Release|Any CPU = Release|Any CPU
	EndGlobalSection
	GlobalSection(ProjectConfigurationPlatforms) = postSolution
		{F8EF9C22-0EF9-441C-9582-328A1F72B16E}.Debug|Any CPU.ActiveCfg = Debug|Any CPU
		{F8EF9C22-0EF9-441C-9582-328A1F72B16E}.Debug|Any CPU.Build.0 = Debug|Any CPU
		{F8EF9C22-0EF9-441C-9582-328A1F72B16E}.Release|Any CPU.ActiveCfg = Release|Any CPU
		{F8EF9C22-0EF9-441C-9582-328A1F72B16E}.Release|Any CPU.Build.0 = Release|Any CPU
		{C694F4DE-7284-47BD-8F19-F3560CD8E7BD}.Debug|Any CPU.ActiveCfg = Debug|Any CPU
		{C694F4DE-7284-47BD-8F19-F3560CD8E7BD}.Debug|Any CPU.Build.0 = Debug|Any CPU
		{C694F4DE-7284-47BD-8F19-F3560CD8E7BD}.Release|Any CPU.ActiveCfg = Release|Any CPU
		{C694F4DE-7284-47BD-8F19-F3560CD8E7BD}.Release|Any CPU.Build.0 = Release|Any CPU
		{E6B8C584-E835-4EBD-8AA2-43CA7982D48D}.Debug|Any CPU.ActiveCfg = Debug|Any CPU
		{E6B8C584-E835-4EBD-8AA2-43CA7982D48D}.Debug|Any CPU.Build.0 = Debug|Any CPU
		{E6B8C584-E835-4EBD-8AA2-43CA7982D48D}.Release|Any CPU.ActiveCfg = Release|Any CPU
		{E6B8C584-E835-4EBD-8AA2-43CA7982D48D}.Release|Any CPU.Build.0 = Release|Any CPU
		{BE6B42AD-1102-4C88-A52B-5A0ED98E2E46}.Debug|Any CPU.ActiveCfg = Debug|Any CPU
		{BE6B42AD-1102-4C88-A52B-5A0ED98E2E46}.Debug|Any CPU.Build.0 = Debug|Any CPU
		{BE6B42AD-1102-4C88-A52B-5A0ED98E2E46}.Release|Any CPU.ActiveCfg = Release|Any CPU
		{BE6B42AD-1102-4C88-A52B-5A0ED98E2E46}.Release|Any CPU.Build.0 = Release|Any CPU
		{F6B44570-3916-4DD6-97FD-CC9A61A42541}.Debug|Any CPU.ActiveCfg = Debug|Any CPU
		{F6B44570-3916-4DD6-97FD-CC9A61A42541}.Debug|Any CPU.Build.0 = Debug|Any CPU
		{F6B44570-3916-4DD6-97FD-CC9A61A42541}.Release|Any CPU.ActiveCfg = Release|Any CPU
		{F6B44570-3916-4DD6-97FD-CC9A61A42541}.Release|Any CPU.Build.0 = Release|Any CPU
		{B5E0C014-FD66-48B6-BE1C-DF4A298D3BD6}.Debug|Any CPU.ActiveCfg = Debug|Any CPU
		{B5E0C014-FD66-48B6-BE1C-DF4A298D3BD6}.Debug|Any CPU.Build.0 = Debug|Any CPU
		{B5E0C014-FD66-48B6-BE1C-DF4A298D3BD6}.Release|Any CPU.ActiveCfg = Release|Any CPU
		{B5E0C014-FD66-48B6-BE1C-DF4A298D3BD6}.Release|Any CPU.Build.0 = Release|Any CPU
		{1007876D-9357-4BEF-9718-8DEBF4F6C47D}.Debug|Any CPU.ActiveCfg = Debug|Any CPU
		{1007876D-9357-4BEF-9718-8DEBF4F6C47D}.Debug|Any CPU.Build.0 = Debug|Any CPU
		{1007876D-9357-4BEF-9718-8DEBF4F6C47D}.Release|Any CPU.ActiveCfg = Release|Any CPU
		{1007876D-9357-4BEF-9718-8DEBF4F6C47D}.Release|Any CPU.Build.0 = Release|Any CPU
		{DC395338-A6E5-4F4A-B535-16DA77A9BB7C}.Debug|Any CPU.ActiveCfg = Debug|Any CPU
		{DC395338-A6E5-4F4A-B535-16DA77A9BB7C}.Debug|Any CPU.Build.0 = Debug|Any CPU
		{DC395338-A6E5-4F4A-B535-16DA77A9BB7C}.Release|Any CPU.ActiveCfg = Release|Any CPU
		{DC395338-A6E5-4F4A-B535-16DA77A9BB7C}.Release|Any CPU.Build.0 = Release|Any CPU
		{4A4AB426-D9FE-4EAC-B4D7-567EF4F43271}.Debug|Any CPU.ActiveCfg = Debug|Any CPU
		{4A4AB426-D9FE-4EAC-B4D7-567EF4F43271}.Debug|Any CPU.Build.0 = Debug|Any CPU
		{4A4AB426-D9FE-4EAC-B4D7-567EF4F43271}.Release|Any CPU.ActiveCfg = Release|Any CPU
		{4A4AB426-D9FE-4EAC-B4D7-567EF4F43271}.Release|Any CPU.Build.0 = Release|Any CPU
		{84E9EA9F-DC4E-4BC8-B94A-E5AE519F65E2}.Debug|Any CPU.ActiveCfg = Debug|Any CPU
		{84E9EA9F-DC4E-4BC8-B94A-E5AE519F65E2}.Debug|Any CPU.Build.0 = Debug|Any CPU
		{84E9EA9F-DC4E-4BC8-B94A-E5AE519F65E2}.Release|Any CPU.ActiveCfg = Release|Any CPU
		{84E9EA9F-DC4E-4BC8-B94A-E5AE519F65E2}.Release|Any CPU.Build.0 = Release|Any CPU
		{F21CCC55-4AA7-4805-940B-3034598EF054}.Debug|Any CPU.ActiveCfg = Debug|Any CPU
		{F21CCC55-4AA7-4805-940B-3034598EF054}.Debug|Any CPU.Build.0 = Debug|Any CPU
		{F21CCC55-4AA7-4805-940B-3034598EF054}.Release|Any CPU.ActiveCfg = Release|Any CPU
		{F21CCC55-4AA7-4805-940B-3034598EF054}.Release|Any CPU.Build.0 = Release|Any CPU
		{4B376943-1628-4FC8-AB3F-196517FF9DA4}.Debug|Any CPU.ActiveCfg = Debug|Any CPU
		{4B376943-1628-4FC8-AB3F-196517FF9DA4}.Debug|Any CPU.Build.0 = Debug|Any CPU
		{4B376943-1628-4FC8-AB3F-196517FF9DA4}.Release|Any CPU.ActiveCfg = Release|Any CPU
		{4B376943-1628-4FC8-AB3F-196517FF9DA4}.Release|Any CPU.Build.0 = Release|Any CPU
		{E0696E40-E396-4945-9BBA-55D9D23D3426}.Debug|Any CPU.ActiveCfg = Debug|Any CPU
		{E0696E40-E396-4945-9BBA-55D9D23D3426}.Debug|Any CPU.Build.0 = Debug|Any CPU
		{E0696E40-E396-4945-9BBA-55D9D23D3426}.Release|Any CPU.ActiveCfg = Release|Any CPU
		{E0696E40-E396-4945-9BBA-55D9D23D3426}.Release|Any CPU.Build.0 = Release|Any CPU
		{72B75841-7740-445C-BEC0-BCE465D4B5CC}.Debug|Any CPU.ActiveCfg = Debug|Any CPU
		{72B75841-7740-445C-BEC0-BCE465D4B5CC}.Debug|Any CPU.Build.0 = Debug|Any CPU
		{72B75841-7740-445C-BEC0-BCE465D4B5CC}.Release|Any CPU.ActiveCfg = Release|Any CPU
		{72B75841-7740-445C-BEC0-BCE465D4B5CC}.Release|Any CPU.Build.0 = Release|Any CPU
		{1C40E2B3-F8F9-4CE2-BC29-4160F8ECFC56}.Debug|Any CPU.ActiveCfg = Debug|Any CPU
		{1C40E2B3-F8F9-4CE2-BC29-4160F8ECFC56}.Debug|Any CPU.Build.0 = Debug|Any CPU
		{1C40E2B3-F8F9-4CE2-BC29-4160F8ECFC56}.Release|Any CPU.ActiveCfg = Release|Any CPU
		{1C40E2B3-F8F9-4CE2-BC29-4160F8ECFC56}.Release|Any CPU.Build.0 = Release|Any CPU
		{14F70AE8-EDE9-4E67-8825-52B380B23598}.Debug|Any CPU.ActiveCfg = Debug|Any CPU
		{14F70AE8-EDE9-4E67-8825-52B380B23598}.Debug|Any CPU.Build.0 = Debug|Any CPU
		{14F70AE8-EDE9-4E67-8825-52B380B23598}.Release|Any CPU.ActiveCfg = Release|Any CPU
		{14F70AE8-EDE9-4E67-8825-52B380B23598}.Release|Any CPU.Build.0 = Release|Any CPU
		{19184E41-4B3A-4ED7-B5BA-6CCE2BD3CC2B}.Debug|Any CPU.ActiveCfg = Debug|Any CPU
		{19184E41-4B3A-4ED7-B5BA-6CCE2BD3CC2B}.Debug|Any CPU.Build.0 = Debug|Any CPU
		{19184E41-4B3A-4ED7-B5BA-6CCE2BD3CC2B}.Release|Any CPU.ActiveCfg = Release|Any CPU
		{19184E41-4B3A-4ED7-B5BA-6CCE2BD3CC2B}.Release|Any CPU.Build.0 = Release|Any CPU
		{36617794-6313-4C81-8C27-0C10DA21155A}.Debug|Any CPU.ActiveCfg = Debug|Any CPU
		{36617794-6313-4C81-8C27-0C10DA21155A}.Debug|Any CPU.Build.0 = Debug|Any CPU
		{36617794-6313-4C81-8C27-0C10DA21155A}.Release|Any CPU.ActiveCfg = Release|Any CPU
		{36617794-6313-4C81-8C27-0C10DA21155A}.Release|Any CPU.Build.0 = Release|Any CPU
		{ACA3C235-B07A-4F0D-94C6-7E9026AD308A}.Debug|Any CPU.ActiveCfg = Debug|Any CPU
		{ACA3C235-B07A-4F0D-94C6-7E9026AD308A}.Debug|Any CPU.Build.0 = Debug|Any CPU
		{ACA3C235-B07A-4F0D-94C6-7E9026AD308A}.Release|Any CPU.ActiveCfg = Release|Any CPU
		{ACA3C235-B07A-4F0D-94C6-7E9026AD308A}.Release|Any CPU.Build.0 = Release|Any CPU
		{F0D25D91-3BC0-B0A7-756E-FF69A28BA30C}.Debug|Any CPU.ActiveCfg = Debug|Any CPU
		{F0D25D91-3BC0-B0A7-756E-FF69A28BA30C}.Debug|Any CPU.Build.0 = Debug|Any CPU
		{F0D25D91-3BC0-B0A7-756E-FF69A28BA30C}.Release|Any CPU.ActiveCfg = Release|Any CPU
		{F0D25D91-3BC0-B0A7-756E-FF69A28BA30C}.Release|Any CPU.Build.0 = Release|Any CPU
		{908C995D-889A-40DD-83AB-6496C5C39C79}.Debug|Any CPU.ActiveCfg = Debug|Any CPU
		{908C995D-889A-40DD-83AB-6496C5C39C79}.Debug|Any CPU.Build.0 = Debug|Any CPU
		{908C995D-889A-40DD-83AB-6496C5C39C79}.Release|Any CPU.ActiveCfg = Release|Any CPU
		{908C995D-889A-40DD-83AB-6496C5C39C79}.Release|Any CPU.Build.0 = Release|Any CPU
		{855E3279-4BFD-EC32-991A-7F0DFBBAADD2}.Debug|Any CPU.ActiveCfg = Debug|Any CPU
		{855E3279-4BFD-EC32-991A-7F0DFBBAADD2}.Debug|Any CPU.Build.0 = Debug|Any CPU
		{855E3279-4BFD-EC32-991A-7F0DFBBAADD2}.Release|Any CPU.ActiveCfg = Release|Any CPU
		{855E3279-4BFD-EC32-991A-7F0DFBBAADD2}.Release|Any CPU.Build.0 = Release|Any CPU
	EndGlobalSection
	GlobalSection(SolutionProperties) = preSolution
		HideSolutionNode = FALSE
	EndGlobalSection
	GlobalSection(NestedProjects) = preSolution
		{F8EF9C22-0EF9-441C-9582-328A1F72B16E} = {71E076A1-16B9-4868-84CE-B7558B91C225}
		{C694F4DE-7284-47BD-8F19-F3560CD8E7BD} = {1650A073-CA0D-4B26-9502-85B6785A8C65}
		{E6B8C584-E835-4EBD-8AA2-43CA7982D48D} = {1650A073-CA0D-4B26-9502-85B6785A8C65}
		{BE6B42AD-1102-4C88-A52B-5A0ED98E2E46} = {DDDBDF15-7E1B-4BCD-9279-3F1121895002}
		{F6B44570-3916-4DD6-97FD-CC9A61A42541} = {5EF16780-2919-4D59-ACEB-4D9D4BFEA09A}
		{B5E0C014-FD66-48B6-BE1C-DF4A298D3BD6} = {5EF16780-2919-4D59-ACEB-4D9D4BFEA09A}
		{1007876D-9357-4BEF-9718-8DEBF4F6C47D} = {9E53A7F7-DB6D-49AB-9948-74B78EE8B7A5}
		{DC395338-A6E5-4F4A-B535-16DA77A9BB7C} = {9E53A7F7-DB6D-49AB-9948-74B78EE8B7A5}
		{4A4AB426-D9FE-4EAC-B4D7-567EF4F43271} = {F25E07D1-22E1-442F-9BF5-A782984F92D7}
		{68ED722B-D222-41E9-8275-157B7DEB4872} = {CE418264-8599-4C42-B758-C8146DD8E232}
		{84E9EA9F-DC4E-4BC8-B94A-E5AE519F65E2} = {F25E07D1-22E1-442F-9BF5-A782984F92D7}
		{F21CCC55-4AA7-4805-940B-3034598EF054} = {F25E07D1-22E1-442F-9BF5-A782984F92D7}
		{F25E07D1-22E1-442F-9BF5-A782984F92D7} = {CE418264-8599-4C42-B758-C8146DD8E232}
		{4B376943-1628-4FC8-AB3F-196517FF9DA4} = {F25E07D1-22E1-442F-9BF5-A782984F92D7}
		{9B50AE4D-44B5-4FF8-B2CD-6AB8E432D09D} = {F25E07D1-22E1-442F-9BF5-A782984F92D7}
		{E0696E40-E396-4945-9BBA-55D9D23D3426} = {68ED722B-D222-41E9-8275-157B7DEB4872}
		{72B75841-7740-445C-BEC0-BCE465D4B5CC} = {16CE6FCF-F43D-4A5A-AB65-E52C44E77352}
		{620BA97D-7C9A-47F0-AE9E-7271F76F1DAD} = {F25E07D1-22E1-442F-9BF5-A782984F92D7}
		{1C40E2B3-F8F9-4CE2-BC29-4160F8ECFC56} = {68ED722B-D222-41E9-8275-157B7DEB4872}
		{14F70AE8-EDE9-4E67-8825-52B380B23598} = {16CE6FCF-F43D-4A5A-AB65-E52C44E77352}
		{16CE6FCF-F43D-4A5A-AB65-E52C44E77352} = {CE418264-8599-4C42-B758-C8146DD8E232}
		{19184E41-4B3A-4ED7-B5BA-6CCE2BD3CC2B} = {16CE6FCF-F43D-4A5A-AB65-E52C44E77352}
		{F90A4B0D-7BB0-4CCD-B13E-5B3C59F410C8} = {CE418264-8599-4C42-B758-C8146DD8E232}
		{36617794-6313-4C81-8C27-0C10DA21155A} = {F90A4B0D-7BB0-4CCD-B13E-5B3C59F410C8}
		{ACA3C235-B07A-4F0D-94C6-7E9026AD308A} = {71E076A1-16B9-4868-84CE-B7558B91C225}
		{02EA681E-C7D8-13C7-8484-4AC65E1B71E8} = {CE418264-8599-4C42-B758-C8146DD8E232}
		{F0D25D91-3BC0-B0A7-756E-FF69A28BA30C} = {02EA681E-C7D8-13C7-8484-4AC65E1B71E8}
		{908C995D-889A-40DD-83AB-6496C5C39C79} = {70B6DCDC-7E58-4857-BD65-CC5063797AEB}
		{855E3279-4BFD-EC32-991A-7F0DFBBAADD2} = {16CE6FCF-F43D-4A5A-AB65-E52C44E77352}
	EndGlobalSection
	GlobalSection(ExtensibilityGlobals) = postSolution
		SolutionGuid = {3DEF31E6-3B89-4A45-8756-0926CDB66FEB}
	EndGlobalSection
	GlobalSection(SharedMSBuildProjectFiles) = preSolution
		Parser\Get.Lexer.Shared\Get.Lexer.Shared.projitems*{1c40e2b3-f8f9-4ce2-bc29-4160f8ecfc56}*SharedItemsImports = 5
		Parser\Get.Parser.Shared\Get.Parser.Shared.projitems*{1c40e2b3-f8f9-4ce2-bc29-4160f8ecfc56}*SharedItemsImports = 5
		Parser\Get.RegexMachine.Shared\Get.RegexMachine.Shared.projitems*{1c40e2b3-f8f9-4ce2-bc29-4160f8ecfc56}*SharedItemsImports = 5
		Parser\Get.RegexMachine.Shared\Get.RegexMachine.Shared.projitems*{4a4ab426-d9fe-4eac-b4d7-567ef4f43271}*SharedItemsImports = 5
		Parser\Get.Parser.Shared\Get.Parser.Shared.projitems*{4b376943-1628-4fc8-ab3f-196517ff9da4}*SharedItemsImports = 5
		Parser\Get.Lexer.Shared\Get.Lexer.Shared.projitems*{620ba97d-7c9a-47f0-ae9e-7271f76f1dad}*SharedItemsImports = 13
		Parser\Get.Parser.Shared\Get.Parser.Shared.projitems*{9b50ae4d-44b5-4ff8-b2cd-6ab8e432d09d}*SharedItemsImports = 13
		Parser\Get.Lexer.Shared\Get.Lexer.Shared.projitems*{e0696e40-e396-4945-9bba-55d9d23d3426}*SharedItemsImports = 5
		Parser\Get.Parser.Shared\Get.Parser.Shared.projitems*{e0696e40-e396-4945-9bba-55d9d23d3426}*SharedItemsImports = 5
		Parser\Get.Lexer.Shared\Get.Lexer.Shared.projitems*{f21ccc55-4aa7-4805-940b-3034598ef054}*SharedItemsImports = 5
	EndGlobalSection
EndGlobal
